
Microsoft Visual Studio Solution File, Format Version 12.00
# Visual Studio Version 16
VisualStudioVersion = 16.0.32228.343
MinimumVisualStudioVersion = 10.0.40219.1
Project("{9A19103F-16F7-4668-BE54-9A1E7A4F7556}") = "API", "API.csproj", "{E5203584-FA91-4CDC-80D5-F13700D61DAB}"
EndProject
Project("{FAE04EC0-301F-11D3-BF4B-00C04F79EFBC}") = "Model", "..\Model\Model.csproj", "{9CFF3EFC-1BDE-48EC-A5FC-AFA4E14BCB53}"
EndProject
Global
	GlobalSection(SolutionConfigurationPlatforms) = preSolution
		Debug|Any CPU = Debug|Any CPU
		Release|Any CPU = Release|Any CPU
	EndGlobalSection
	GlobalSection(ProjectConfigurationPlatforms) = postSolution
		{E5203584-FA91-4CDC-80D5-F13700D61DAB}.Debug|Any CPU.ActiveCfg = Debug|Any CPU
		{E5203584-FA91-4CDC-80D5-F13700D61DAB}.Debug|Any CPU.Build.0 = Debug|Any CPU
		{E5203584-FA91-4CDC-80D5-F13700D61DAB}.Release|Any CPU.ActiveCfg = Release|Any CPU
		{E5203584-FA91-4CDC-80D5-F13700D61DAB}.Release|Any CPU.Build.0 = Release|Any CPU
		{9CFF3EFC-1BDE-48EC-A5FC-AFA4E14BCB53}.Debug|Any CPU.ActiveCfg = Debug|Any CPU
		{9CFF3EFC-1BDE-48EC-A5FC-AFA4E14BCB53}.Debug|Any CPU.Build.0 = Debug|Any CPU
		{9CFF3EFC-1BDE-48EC-A5FC-AFA4E14BCB53}.Release|Any CPU.ActiveCfg = Release|Any CPU
		{9CFF3EFC-1BDE-48EC-A5FC-AFA4E14BCB53}.Release|Any CPU.Build.0 = Release|Any CPU
	EndGlobalSection
	GlobalSection(SolutionProperties) = preSolution
		HideSolutionNode = FALSE
	EndGlobalSection
	GlobalSection(ExtensibilityGlobals) = postSolution
		SolutionGuid = {3D4CD9E9-949A-4227-A2BC-998657405169}
	EndGlobalSection
EndGlobal
